
Microsoft Visual Studio Solution File, Format Version 12.00
# Visual Studio 14
VisualStudioVersion = 14.0.23107.0
MinimumVisualStudioVersion = 10.0.40219.1
Project("{8BC9CEB8-8B4A-11D0-8D11-00A0C91BC942}") = "symtree", "symtree.vcxproj", "{D8A76217-34D8-451E-9250-A32B29E0710C}"
EndProject
Project("{8BC9CEB8-8B4A-11D0-8D11-00A0C91BC942}") = "cdistorm", "cdistorm.vcxproj", "{05E525E8-D8F9-436D-AB49-03D84DE990C5}"
EndProject
Global
	GlobalSection(SolutionConfigurationPlatforms) = preSolution
		clib|x64 = clib|x64
		clib|x86 = clib|x86
		Debug|x64 = Debug|x64
		Debug|x86 = Debug|x86
		dll|x64 = dll|x64
		dll|x86 = dll|x86
		Release|x64 = Release|x64
		Release|x86 = Release|x86
	EndGlobalSection
	GlobalSection(ProjectConfigurationPlatforms) = postSolution
		{D8A76217-34D8-451E-9250-A32B29E0710C}.clib|x64.ActiveCfg = Release|x64
		{D8A76217-34D8-451E-9250-A32B29E0710C}.clib|x64.Build.0 = Release|x64
		{D8A76217-34D8-451E-9250-A32B29E0710C}.clib|x86.ActiveCfg = Release|Win32
		{D8A76217-34D8-451E-9250-A32B29E0710C}.clib|x86.Build.0 = Release|Win32
		{D8A76217-34D8-451E-9250-A32B29E0710C}.Debug|x64.ActiveCfg = Debug|x64
		{D8A76217-34D8-451E-9250-A32B29E0710C}.Debug|x64.Build.0 = Debug|x64
		{D8A76217-34D8-451E-9250-A32B29E0710C}.Debug|x86.ActiveCfg = Debug|Win32
		{D8A76217-34D8-451E-9250-A32B29E0710C}.Debug|x86.Build.0 = Debug|Win32
		{D8A76217-34D8-451E-9250-A32B29E0710C}.dll|x64.ActiveCfg = Debug|x64
		{D8A76217-34D8-451E-9250-A32B29E0710C}.dll|x64.Build.0 = Debug|x64
		{D8A76217-34D8-451E-9250-A32B29E0710C}.dll|x86.ActiveCfg = Debug|Win32
		{D8A76217-34D8-451E-9250-A32B29E0710C}.dll|x86.Build.0 = Debug|Win32
		{D8A76217-34D8-451E-9250-A32B29E0710C}.Release|x64.ActiveCfg = Release|x64
		{D8A76217-34D8-451E-9250-A32B29E0710C}.Release|x64.Build.0 = Release|x64
		{D8A76217-34D8-451E-9250-A32B29E0710C}.Release|x86.ActiveCfg = Release|Win32
		{D8A76217-34D8-451E-9250-A32B29E0710C}.Release|x86.Build.0 = Release|Win32
		{05E525E8-D8F9-436D-AB49-03D84DE990C5}.clib|x64.ActiveCfg = Release|x64
		{05E525E8-D8F9-436D-AB49-03D84DE990C5}.clib|x64.Build.0 = Release|x64
		{05E525E8-D8F9-436D-AB49-03D84DE990C5}.clib|x86.ActiveCfg = Release|Win32
		{05E525E8-D8F9-436D-AB49-03D84DE990C5}.clib|x86.Build.0 = Release|Win32
		{05E525E8-D8F9-436D-AB49-03D84DE990C5}.Debug|x64.ActiveCfg = Debug|x64
		{05E525E8-D8F9-436D-AB49-03D84DE990C5}.Debug|x64.Build.0 = Debug|x64
		{05E525E8-D8F9-436D-AB49-03D84DE990C5}.Debug|x86.ActiveCfg = Debug|Win32
		{05E525E8-D8F9-436D-AB49-03D84DE990C5}.Debug|x86.Build.0 = Debug|Win32
		{05E525E8-D8F9-436D-AB49-03D84DE990C5}.dll|x64.ActiveCfg = Debug|x64
		{05E525E8-D8F9-436D-AB49-03D84DE990C5}.dll|x64.Build.0 = Debug|x64
		{05E525E8-D8F9-436D-AB49-03D84DE990C5}.dll|x86.ActiveCfg = Debug|Win32
		{05E525E8-D8F9-436D-AB49-03D84DE990C5}.dll|x86.Build.0 = Debug|Win32
		{05E525E8-D8F9-436D-AB49-03D84DE990C5}.Release|x64.ActiveCfg = Release|x64
		{05E525E8-D8F9-436D-AB49-03D84DE990C5}.Release|x64.Build.0 = Release|x64
		{05E525E8-D8F9-436D-AB49-03D84DE990C5}.Release|x86.ActiveCfg = Release|Win32
		{05E525E8-D8F9-436D-AB49-03D84DE990C5}.Release|x86.Build.0 = Release|Win32
	EndGlobalSection
	GlobalSection(SolutionProperties) = preSolution
		HideSolutionNode = FALSE
	EndGlobalSection
EndGlobal
